
Microsoft Visual Studio Solution File, Format Version 12.00
# Visual Studio Version 17
VisualStudioVersion = 17.13.35806.99 d17.13
MinimumVisualStudioVersion = 10.0.40219.1
Project("{FAE04EC0-301F-11D3-BF4B-00C04F79EFBC}") = "VotingSystem.API", "VotingSystem.API\VotingSystem.API.csproj", "{F02752A4-42AB-492F-8D55-B3DF3960D964}"
EndProject
Global
	GlobalSection(SolutionConfigurationPlatforms) = preSolution
		Debug|Any CPU = Debug|Any CPU
		Release|Any CPU = Release|Any CPU
	EndGlobalSection
	GlobalSection(ProjectConfigurationPlatforms) = postSolution
		{F02752A4-42AB-492F-8D55-B3DF3960D964}.Debug|Any CPU.ActiveCfg = Debug|Any CPU
		{F02752A4-42AB-492F-8D55-B3DF3960D964}.Debug|Any CPU.Build.0 = Debug|Any CPU
		{F02752A4-42AB-492F-8D55-B3DF3960D964}.Release|Any CPU.ActiveCfg = Release|Any CPU
		{F02752A4-42AB-492F-8D55-B3DF3960D964}.Release|Any CPU.Build.0 = Release|Any CPU
	EndGlobalSection
	GlobalSection(SolutionProperties) = preSolution
		HideSolutionNode = FALSE
	EndGlobalSection
	GlobalSection(ExtensibilityGlobals) = postSolution
		SolutionGuid = {86179971-B6BF-45CF-B279-198149B3ABC1}
	EndGlobalSection
EndGlobal
